// !$*UTF8*$!
{
	archiveVersion = 1;
	classes = {
	};
	objectVersion = 46;
	objects = {

/* Begin PBXBuildFile section */
		D917A1091C5DFB5200010EB2 /* test_dns.cpp in Sources */ = {isa = PBXBuildFile; fileRef = D917A1071C5DFB5200010EB2 /* test_dns.cpp */; };
		D917A10B1C5DFB6800010EB2 /* test_main.cpp in Sources */ = {isa = PBXBuildFile; fileRef = D917A10A1C5DFB6800010EB2 /* test_main.cpp */; };
		D917A10C1C5DFC5C00010EB2 /* testUdp.cpp in Sources */ = {isa = PBXBuildFile; fileRef = D943689A1C57457600BD1DC7 /* testUdp.cpp */; };
		D917A10E1C5DFE2200010EB2 /* ESDObject.cpp in Sources */ = {isa = PBXBuildFile; fileRef = D9673A041C537FF1001BBBCE /* ESDObject.cpp */; };
		D917A1101C5DFE3100010EB2 /* ESDDns.cpp in Sources */ = {isa = PBXBuildFile; fileRef = D9673A5C1C5486B4001BBBCE /* ESDDns.cpp */; };
		D917A1111C5DFE3300010EB2 /* ESDUdp.cpp in Sources */ = {isa = PBXBuildFile; fileRef = D9673A591C54850D001BBBCE /* ESDUdp.cpp */; };
		D917A1121C5DFE3500010EB2 /* ESDUdpClient.cpp in Sources */ = {isa = PBXBuildFile; fileRef = D9673A2A1C539071001BBBCE /* ESDUdpClient.cpp */; };
		D917A1131C5DFE3700010EB2 /* ESDUdpClientUtility.cpp in Sources */ = {isa = PBXBuildFile; fileRef = D9673A511C548072001BBBCE /* ESDUdpClientUtility.cpp */; };
		D91909B41CB215F3008B2259 /* BDictionary.cpp in Sources */ = {isa = PBXBuildFile; fileRef = D919099E1CB215F3008B2259 /* BDictionary.cpp */; };
		D91909B51CB215F3008B2259 /* BDictionary.cpp in Sources */ = {isa = PBXBuildFile; fileRef = D919099E1CB215F3008B2259 /* BDictionary.cpp */; };
		D91909B61CB215F3008B2259 /* BInteger.cpp in Sources */ = {isa = PBXBuildFile; fileRef = D919099F1CB215F3008B2259 /* BInteger.cpp */; };
		D91909B71CB215F3008B2259 /* BInteger.cpp in Sources */ = {isa = PBXBuildFile; fileRef = D919099F1CB215F3008B2259 /* BInteger.cpp */; };
		D91909B81CB215F3008B2259 /* BItem.cpp in Sources */ = {isa = PBXBuildFile; fileRef = D91909A01CB215F3008B2259 /* BItem.cpp */; };
		D91909B91CB215F3008B2259 /* BItem.cpp in Sources */ = {isa = PBXBuildFile; fileRef = D91909A01CB215F3008B2259 /* BItem.cpp */; };
		D91909BA1CB215F3008B2259 /* BItemVisitor.cpp in Sources */ = {isa = PBXBuildFile; fileRef = D91909A11CB215F3008B2259 /* BItemVisitor.cpp */; };
		D91909BB1CB215F3008B2259 /* BItemVisitor.cpp in Sources */ = {isa = PBXBuildFile; fileRef = D91909A11CB215F3008B2259 /* BItemVisitor.cpp */; };
		D91909BC1CB215F3008B2259 /* BList.cpp in Sources */ = {isa = PBXBuildFile; fileRef = D91909A21CB215F3008B2259 /* BList.cpp */; };
		D91909BD1CB215F3008B2259 /* BList.cpp in Sources */ = {isa = PBXBuildFile; fileRef = D91909A21CB215F3008B2259 /* BList.cpp */; };
		D91909BE1CB215F3008B2259 /* BString.cpp in Sources */ = {isa = PBXBuildFile; fileRef = D91909A31CB215F3008B2259 /* BString.cpp */; };
		D91909BF1CB215F3008B2259 /* BString.cpp in Sources */ = {isa = PBXBuildFile; fileRef = D91909A31CB215F3008B2259 /* BString.cpp */; };
		D91909C01CB215F3008B2259 /* Decoder.cpp in Sources */ = {isa = PBXBuildFile; fileRef = D91909A41CB215F3008B2259 /* Decoder.cpp */; };
		D91909C11CB215F3008B2259 /* Decoder.cpp in Sources */ = {isa = PBXBuildFile; fileRef = D91909A41CB215F3008B2259 /* Decoder.cpp */; };
		D91909C21CB215F3008B2259 /* Encoder.cpp in Sources */ = {isa = PBXBuildFile; fileRef = D91909A51CB215F3008B2259 /* Encoder.cpp */; };
		D91909C31CB215F3008B2259 /* Encoder.cpp in Sources */ = {isa = PBXBuildFile; fileRef = D91909A51CB215F3008B2259 /* Encoder.cpp */; };
		D91909C41CB215F3008B2259 /* PrettyPrinter.cpp in Sources */ = {isa = PBXBuildFile; fileRef = D91909A61CB215F3008B2259 /* PrettyPrinter.cpp */; };
		D91909C51CB215F3008B2259 /* PrettyPrinter.cpp in Sources */ = {isa = PBXBuildFile; fileRef = D91909A61CB215F3008B2259 /* PrettyPrinter.cpp */; };
		D91909C61CB215F3008B2259 /* Utils.cpp in Sources */ = {isa = PBXBuildFile; fileRef = D91909A71CB215F3008B2259 /* Utils.cpp */; };
		D91909C71CB215F3008B2259 /* Utils.cpp in Sources */ = {isa = PBXBuildFile; fileRef = D91909A71CB215F3008B2259 /* Utils.cpp */; };
		D91909CA1CB2165B008B2259 /* test_bencode.cpp in Sources */ = {isa = PBXBuildFile; fileRef = D91909C81CB2165B008B2259 /* test_bencode.cpp */; };
		D91909D31CB26499008B2259 /* ESDDht.cpp in Sources */ = {isa = PBXBuildFile; fileRef = D91909D11CB26499008B2259 /* ESDDht.cpp */; };
		D91909D41CB26499008B2259 /* ESDDht.cpp in Sources */ = {isa = PBXBuildFile; fileRef = D91909D11CB26499008B2259 /* ESDDht.cpp */; };
		D91909D71CB2A0CA008B2259 /* test_esdudp.cpp in Sources */ = {isa = PBXBuildFile; fileRef = D91909D51CB2A0CA008B2259 /* test_esdudp.cpp */; };
		D91909D81CB2A0CA008B2259 /* test_esdudp.cpp in Sources */ = {isa = PBXBuildFile; fileRef = D91909D51CB2A0CA008B2259 /* test_esdudp.cpp */; };
		D96739F11C537A5E001BBBCE /* main.cpp in Sources */ = {isa = PBXBuildFile; fileRef = D96739F01C537A5E001BBBCE /* main.cpp */; };
		D9673A061C537FF1001BBBCE /* ESDObject.cpp in Sources */ = {isa = PBXBuildFile; fileRef = D9673A041C537FF1001BBBCE /* ESDObject.cpp */; };
		D9673A2C1C539071001BBBCE /* ESDUdpClient.cpp in Sources */ = {isa = PBXBuildFile; fileRef = D9673A2A1C539071001BBBCE /* ESDUdpClient.cpp */; };
		D9673A531C548072001BBBCE /* ESDUdpClientUtility.cpp in Sources */ = {isa = PBXBuildFile; fileRef = D9673A511C548072001BBBCE /* ESDUdpClientUtility.cpp */; };
		D9673A5B1C54850D001BBBCE /* ESDUdp.cpp in Sources */ = {isa = PBXBuildFile; fileRef = D9673A591C54850D001BBBCE /* ESDUdp.cpp */; };
		D9673A5E1C5486B4001BBBCE /* ESDDns.cpp in Sources */ = {isa = PBXBuildFile; fileRef = D9673A5C1C5486B4001BBBCE /* ESDDns.cpp */; };
		D98511471CB3495B0045E896 /* libuv.a in Frameworks */ = {isa = PBXBuildFile; fileRef = D98511461CB3495B0045E896 /* libuv.a */; };
		D98511481CB3495B0045E896 /* libuv.a in Frameworks */ = {isa = PBXBuildFile; fileRef = D98511461CB3495B0045E896 /* libuv.a */; };
		D9F89C4C1CAE1F57003A3465 /* ThreadPool.cpp in Sources */ = {isa = PBXBuildFile; fileRef = D9F89C4A1CAE1F57003A3465 /* ThreadPool.cpp */; };
		D9F89C4D1CAE1F57003A3465 /* ThreadPool.cpp in Sources */ = {isa = PBXBuildFile; fileRef = D9F89C4A1CAE1F57003A3465 /* ThreadPool.cpp */; };
/* End PBXBuildFile section */

/* Begin PBXCopyFilesBuildPhase section */
		D917A0FE1C5DFB3800010EB2 /* CopyFiles */ = {
			isa = PBXCopyFilesBuildPhase;
			buildActionMask = 2147483647;
			dstPath = /usr/share/man/man1/;
			dstSubfolderSpec = 0;
			files = (
			);
			runOnlyForDeploymentPostprocessing = 1;
		};
		D96739DB1C5370CD001BBBCE /* CopyFiles */ = {
			isa = PBXCopyFilesBuildPhase;
			buildActionMask = 2147483647;
			dstPath = /usr/share/man/man1/;
			dstSubfolderSpec = 0;
			files = (
			);
			runOnlyForDeploymentPostprocessing = 1;
		};
/* End PBXCopyFilesBuildPhase section */

/* Begin PBXFileReference section */
		D917A1001C5DFB3800010EB2 /* test_main */ = {isa = PBXFileReference; explicitFileType = "compiled.mach-o.executable"; includeInIndex = 0; path = test_main; sourceTree = BUILT_PRODUCTS_DIR; };
		D917A1021C5DFB3800010EB2 /* main.cpp */ = {isa = PBXFileReference; lastKnownFileType = sourcecode.cpp.cpp; path = main.cpp; sourceTree = "<group>"; };
		D917A1071C5DFB5200010EB2 /* test_dns.cpp */ = {isa = PBXFileReference; fileEncoding = 4; lastKnownFileType = sourcecode.cpp.cpp; path = test_dns.cpp; sourceTree = "<group>"; };
		D917A1081C5DFB5200010EB2 /* test_dns.hpp */ = {isa = PBXFileReference; fileEncoding = 4; lastKnownFileType = sourcecode.cpp.h; path = test_dns.hpp; sourceTree = "<group>"; };
		D917A10A1C5DFB6800010EB2 /* test_main.cpp */ = {isa = PBXFileReference; fileEncoding = 4; lastKnownFileType = sourcecode.cpp.cpp; path = test_main.cpp; sourceTree = "<group>"; };
		D919099E1CB215F3008B2259 /* BDictionary.cpp */ = {isa = PBXFileReference; fileEncoding = 4; lastKnownFileType = sourcecode.cpp.cpp; path = BDictionary.cpp; sourceTree = "<group>"; };
		D919099F1CB215F3008B2259 /* BInteger.cpp */ = {isa = PBXFileReference; fileEncoding = 4; lastKnownFileType = sourcecode.cpp.cpp; path = BInteger.cpp; sourceTree = "<group>"; };
		D91909A01CB215F3008B2259 /* BItem.cpp */ = {isa = PBXFileReference; fileEncoding = 4; lastKnownFileType = sourcecode.cpp.cpp; path = BItem.cpp; sourceTree = "<group>"; };
		D91909A11CB215F3008B2259 /* BItemVisitor.cpp */ = {isa = PBXFileReference; fileEncoding = 4; lastKnownFileType = sourcecode.cpp.cpp; path = BItemVisitor.cpp; sourceTree = "<group>"; };
		D91909A21CB215F3008B2259 /* BList.cpp */ = {isa = PBXFileReference; fileEncoding = 4; lastKnownFileType = sourcecode.cpp.cpp; path = BList.cpp; sourceTree = "<group>"; };
		D91909A31CB215F3008B2259 /* BString.cpp */ = {isa = PBXFileReference; fileEncoding = 4; lastKnownFileType = sourcecode.cpp.cpp; path = BString.cpp; sourceTree = "<group>"; };
		D91909A41CB215F3008B2259 /* Decoder.cpp */ = {isa = PBXFileReference; fileEncoding = 4; lastKnownFileType = sourcecode.cpp.cpp; path = Decoder.cpp; sourceTree = "<group>"; };
		D91909A51CB215F3008B2259 /* Encoder.cpp */ = {isa = PBXFileReference; fileEncoding = 4; lastKnownFileType = sourcecode.cpp.cpp; path = Encoder.cpp; sourceTree = "<group>"; };
		D91909A61CB215F3008B2259 /* PrettyPrinter.cpp */ = {isa = PBXFileReference; fileEncoding = 4; lastKnownFileType = sourcecode.cpp.cpp; path = PrettyPrinter.cpp; sourceTree = "<group>"; };
		D91909A71CB215F3008B2259 /* Utils.cpp */ = {isa = PBXFileReference; fileEncoding = 4; lastKnownFileType = sourcecode.cpp.cpp; path = Utils.cpp; sourceTree = "<group>"; };
		D91909A91CB215F3008B2259 /* BDictionary.h */ = {isa = PBXFileReference; fileEncoding = 4; lastKnownFileType = sourcecode.c.h; path = BDictionary.h; sourceTree = "<group>"; };
		D91909AA1CB215F3008B2259 /* bencoding.h */ = {isa = PBXFileReference; fileEncoding = 4; lastKnownFileType = sourcecode.c.h; path = bencoding.h; sourceTree = "<group>"; };
		D91909AB1CB215F3008B2259 /* BInteger.h */ = {isa = PBXFileReference; fileEncoding = 4; lastKnownFileType = sourcecode.c.h; path = BInteger.h; sourceTree = "<group>"; };
		D91909AC1CB215F3008B2259 /* BItem.h */ = {isa = PBXFileReference; fileEncoding = 4; lastKnownFileType = sourcecode.c.h; path = BItem.h; sourceTree = "<group>"; };
		D91909AD1CB215F3008B2259 /* BItemVisitor.h */ = {isa = PBXFileReference; fileEncoding = 4; lastKnownFileType = sourcecode.c.h; path = BItemVisitor.h; sourceTree = "<group>"; };
		D91909AE1CB215F3008B2259 /* BList.h */ = {isa = PBXFileReference; fileEncoding = 4; lastKnownFileType = sourcecode.c.h; path = BList.h; sourceTree = "<group>"; };
		D91909AF1CB215F3008B2259 /* BString.h */ = {isa = PBXFileReference; fileEncoding = 4; lastKnownFileType = sourcecode.c.h; path = BString.h; sourceTree = "<group>"; };
		D91909B01CB215F3008B2259 /* Decoder.h */ = {isa = PBXFileReference; fileEncoding = 4; lastKnownFileType = sourcecode.c.h; path = Decoder.h; sourceTree = "<group>"; };
		D91909B11CB215F3008B2259 /* Encoder.h */ = {isa = PBXFileReference; fileEncoding = 4; lastKnownFileType = sourcecode.c.h; path = Encoder.h; sourceTree = "<group>"; };
		D91909B21CB215F3008B2259 /* PrettyPrinter.h */ = {isa = PBXFileReference; fileEncoding = 4; lastKnownFileType = sourcecode.c.h; path = PrettyPrinter.h; sourceTree = "<group>"; };
		D91909B31CB215F3008B2259 /* Utils.h */ = {isa = PBXFileReference; fileEncoding = 4; lastKnownFileType = sourcecode.c.h; path = Utils.h; sourceTree = "<group>"; };
		D91909C81CB2165B008B2259 /* test_bencode.cpp */ = {isa = PBXFileReference; fileEncoding = 4; lastKnownFileType = sourcecode.cpp.cpp; path = test_bencode.cpp; sourceTree = "<group>"; };
		D91909C91CB2165B008B2259 /* test_bencode.hpp */ = {isa = PBXFileReference; fileEncoding = 4; lastKnownFileType = sourcecode.cpp.h; path = test_bencode.hpp; sourceTree = "<group>"; };
		D91909CE1CB263C5008B2259 /* ESDDHTProtocol.hpp */ = {isa = PBXFileReference; fileEncoding = 4; lastKnownFileType = sourcecode.cpp.h; path = ESDDHTProtocol.hpp; sourceTree = "<group>"; };
		D91909D11CB26499008B2259 /* ESDDht.cpp */ = {isa = PBXFileReference; fileEncoding = 4; lastKnownFileType = sourcecode.cpp.cpp; path = ESDDht.cpp; sourceTree = "<group>"; };
		D91909D21CB26499008B2259 /* ESDDht.hpp */ = {isa = PBXFileReference; fileEncoding = 4; lastKnownFileType = sourcecode.cpp.h; path = ESDDht.hpp; sourceTree = "<group>"; };
		D91909D51CB2A0CA008B2259 /* test_esdudp.cpp */ = {isa = PBXFileReference; fileEncoding = 4; lastKnownFileType = sourcecode.cpp.cpp; path = test_esdudp.cpp; sourceTree = "<group>"; };
		D91909D61CB2A0CA008B2259 /* test_esdudp.hpp */ = {isa = PBXFileReference; fileEncoding = 4; lastKnownFileType = sourcecode.cpp.h; path = test_esdudp.hpp; sourceTree = "<group>"; };
		D9246A261C5B15A8000ED12A /* uv-darwin.h */ = {isa = PBXFileReference; fileEncoding = 4; lastKnownFileType = sourcecode.c.h; path = "uv-darwin.h"; sourceTree = "<group>"; };
		D9246A271C5B15A8000ED12A /* uv-errno.h */ = {isa = PBXFileReference; fileEncoding = 4; lastKnownFileType = sourcecode.c.h; path = "uv-errno.h"; sourceTree = "<group>"; };
		D9246A281C5B15A8000ED12A /* uv-threadpool.h */ = {isa = PBXFileReference; fileEncoding = 4; lastKnownFileType = sourcecode.c.h; path = "uv-threadpool.h"; sourceTree = "<group>"; };
		D9246A291C5B15A8000ED12A /* uv-unix.h */ = {isa = PBXFileReference; fileEncoding = 4; lastKnownFileType = sourcecode.c.h; path = "uv-unix.h"; sourceTree = "<group>"; };
		D9246A2A1C5B15A8000ED12A /* uv-version.h */ = {isa = PBXFileReference; fileEncoding = 4; lastKnownFileType = sourcecode.c.h; path = "uv-version.h"; sourceTree = "<group>"; };
		D9246A2B1C5B15A8000ED12A /* uv.h */ = {isa = PBXFileReference; fileEncoding = 4; lastKnownFileType = sourcecode.c.h; path = uv.h; sourceTree = "<group>"; };
		D943689A1C57457600BD1DC7 /* testUdp.cpp */ = {isa = PBXFileReference; fileEncoding = 4; lastKnownFileType = sourcecode.cpp.cpp; path = testUdp.cpp; sourceTree = "<group>"; };
		D943689B1C57457600BD1DC7 /* testUdp.hpp */ = {isa = PBXFileReference; fileEncoding = 4; lastKnownFileType = sourcecode.cpp.h; path = testUdp.hpp; sourceTree = "<group>"; };
		D96739DD1C5370CD001BBBCE /* EyeOfSauronDHTMonitor */ = {isa = PBXFileReference; explicitFileType = "compiled.mach-o.executable"; includeInIndex = 0; path = EyeOfSauronDHTMonitor; sourceTree = BUILT_PRODUCTS_DIR; };
		D96739F01C537A5E001BBBCE /* main.cpp */ = {isa = PBXFileReference; fileEncoding = 4; lastKnownFileType = sourcecode.cpp.cpp; path = main.cpp; sourceTree = "<group>"; };
		D9673A041C537FF1001BBBCE /* ESDObject.cpp */ = {isa = PBXFileReference; fileEncoding = 4; lastKnownFileType = sourcecode.cpp.cpp; path = ESDObject.cpp; sourceTree = "<group>"; };
		D9673A051C537FF1001BBBCE /* ESDObject.hpp */ = {isa = PBXFileReference; fileEncoding = 4; lastKnownFileType = sourcecode.cpp.h; path = ESDObject.hpp; sourceTree = "<group>"; };
		D9673A2A1C539071001BBBCE /* ESDUdpClient.cpp */ = {isa = PBXFileReference; fileEncoding = 4; lastKnownFileType = sourcecode.cpp.cpp; path = ESDUdpClient.cpp; sourceTree = "<group>"; };
		D9673A2B1C539071001BBBCE /* ESDUdpClient.hpp */ = {isa = PBXFileReference; fileEncoding = 4; lastKnownFileType = sourcecode.cpp.h; path = ESDUdpClient.hpp; sourceTree = "<group>"; };
		D9673A2F1C53C3DB001BBBCE /* allocators.h */ = {isa = PBXFileReference; fileEncoding = 4; lastKnownFileType = sourcecode.c.h; path = allocators.h; sourceTree = "<group>"; };
		D9673A301C53C3DB001BBBCE /* document.h */ = {isa = PBXFileReference; fileEncoding = 4; lastKnownFileType = sourcecode.c.h; path = document.h; sourceTree = "<group>"; };
		D9673A311C53C3DB001BBBCE /* encodedstream.h */ = {isa = PBXFileReference; fileEncoding = 4; lastKnownFileType = sourcecode.c.h; path = encodedstream.h; sourceTree = "<group>"; };
		D9673A321C53C3DB001BBBCE /* encodings.h */ = {isa = PBXFileReference; fileEncoding = 4; lastKnownFileType = sourcecode.c.h; path = encodings.h; sourceTree = "<group>"; };
		D9673A341C53C3DB001BBBCE /* en.h */ = {isa = PBXFileReference; fileEncoding = 4; lastKnownFileType = sourcecode.c.h; path = en.h; sourceTree = "<group>"; };
		D9673A351C53C3DB001BBBCE /* error.h */ = {isa = PBXFileReference; fileEncoding = 4; lastKnownFileType = sourcecode.c.h; path = error.h; sourceTree = "<group>"; };
		D9673A361C53C3DB001BBBCE /* filereadstream.h */ = {isa = PBXFileReference; fileEncoding = 4; lastKnownFileType = sourcecode.c.h; path = filereadstream.h; sourceTree = "<group>"; };
		D9673A371C53C3DB001BBBCE /* filewritestream.h */ = {isa = PBXFileReference; fileEncoding = 4; lastKnownFileType = sourcecode.c.h; path = filewritestream.h; sourceTree = "<group>"; };
		D9673A391C53C3DB001BBBCE /* biginteger.h */ = {isa = PBXFileReference; fileEncoding = 4; lastKnownFileType = sourcecode.c.h; path = biginteger.h; sourceTree = "<group>"; };
		D9673A3A1C53C3DB001BBBCE /* diyfp.h */ = {isa = PBXFileReference; fileEncoding = 4; lastKnownFileType = sourcecode.c.h; path = diyfp.h; sourceTree = "<group>"; };
		D9673A3B1C53C3DB001BBBCE /* dtoa.h */ = {isa = PBXFileReference; fileEncoding = 4; lastKnownFileType = sourcecode.c.h; path = dtoa.h; sourceTree = "<group>"; };
		D9673A3C1C53C3DB001BBBCE /* ieee754.h */ = {isa = PBXFileReference; fileEncoding = 4; lastKnownFileType = sourcecode.c.h; path = ieee754.h; sourceTree = "<group>"; };
		D9673A3D1C53C3DB001BBBCE /* itoa.h */ = {isa = PBXFileReference; fileEncoding = 4; lastKnownFileType = sourcecode.c.h; path = itoa.h; sourceTree = "<group>"; };
		D9673A3E1C53C3DB001BBBCE /* meta.h */ = {isa = PBXFileReference; fileEncoding = 4; lastKnownFileType = sourcecode.c.h; path = meta.h; sourceTree = "<group>"; };
		D9673A3F1C53C3DB001BBBCE /* pow10.h */ = {isa = PBXFileReference; fileEncoding = 4; lastKnownFileType = sourcecode.c.h; path = pow10.h; sourceTree = "<group>"; };
		D9673A401C53C3DB001BBBCE /* stack.h */ = {isa = PBXFileReference; fileEncoding = 4; lastKnownFileType = sourcecode.c.h; path = stack.h; sourceTree = "<group>"; };
		D9673A411C53C3DB001BBBCE /* strfunc.h */ = {isa = PBXFileReference; fileEncoding = 4; lastKnownFileType = sourcecode.c.h; path = strfunc.h; sourceTree = "<group>"; };
		D9673A421C53C3DB001BBBCE /* strtod.h */ = {isa = PBXFileReference; fileEncoding = 4; lastKnownFileType = sourcecode.c.h; path = strtod.h; sourceTree = "<group>"; };
		D9673A431C53C3DB001BBBCE /* swap.h */ = {isa = PBXFileReference; fileEncoding = 4; lastKnownFileType = sourcecode.c.h; path = swap.h; sourceTree = "<group>"; };
		D9673A441C53C3DB001BBBCE /* memorybuffer.h */ = {isa = PBXFileReference; fileEncoding = 4; lastKnownFileType = sourcecode.c.h; path = memorybuffer.h; sourceTree = "<group>"; };
		D9673A451C53C3DB001BBBCE /* memorystream.h */ = {isa = PBXFileReference; fileEncoding = 4; lastKnownFileType = sourcecode.c.h; path = memorystream.h; sourceTree = "<group>"; };
		D9673A471C53C3DB001BBBCE /* inttypes.h */ = {isa = PBXFileReference; fileEncoding = 4; lastKnownFileType = sourcecode.c.h; path = inttypes.h; sourceTree = "<group>"; };
		D9673A481C53C3DB001BBBCE /* stdint.h */ = {isa = PBXFileReference; fileEncoding = 4; lastKnownFileType = sourcecode.c.h; path = stdint.h; sourceTree = "<group>"; };
		D9673A491C53C3DB001BBBCE /* pointer.h */ = {isa = PBXFileReference; fileEncoding = 4; lastKnownFileType = sourcecode.c.h; path = pointer.h; sourceTree = "<group>"; };
		D9673A4A1C53C3DB001BBBCE /* prettywriter.h */ = {isa = PBXFileReference; fileEncoding = 4; lastKnownFileType = sourcecode.c.h; path = prettywriter.h; sourceTree = "<group>"; };
		D9673A4B1C53C3DB001BBBCE /* rapidjson.h */ = {isa = PBXFileReference; fileEncoding = 4; lastKnownFileType = sourcecode.c.h; path = rapidjson.h; sourceTree = "<group>"; };
		D9673A4C1C53C3DB001BBBCE /* reader.h */ = {isa = PBXFileReference; fileEncoding = 4; lastKnownFileType = sourcecode.c.h; path = reader.h; sourceTree = "<group>"; };
		D9673A4D1C53C3DB001BBBCE /* stringbuffer.h */ = {isa = PBXFileReference; fileEncoding = 4; lastKnownFileType = sourcecode.c.h; path = stringbuffer.h; sourceTree = "<group>"; };
		D9673A4E1C53C3DB001BBBCE /* writer.h */ = {isa = PBXFileReference; fileEncoding = 4; lastKnownFileType = sourcecode.c.h; path = writer.h; sourceTree = "<group>"; };
		D9673A511C548072001BBBCE /* ESDUdpClientUtility.cpp */ = {isa = PBXFileReference; fileEncoding = 4; lastKnownFileType = sourcecode.cpp.cpp; path = ESDUdpClientUtility.cpp; sourceTree = "<group>"; };
		D9673A521C548072001BBBCE /* ESDUdpClientUtility.hpp */ = {isa = PBXFileReference; fileEncoding = 4; lastKnownFileType = sourcecode.cpp.h; path = ESDUdpClientUtility.hpp; sourceTree = "<group>"; };
		D9673A571C548456001BBBCE /* ESDAbstractUdp.h */ = {isa = PBXFileReference; fileEncoding = 4; lastKnownFileType = sourcecode.c.h; path = ESDAbstractUdp.h; sourceTree = "<group>"; };
		D9673A591C54850D001BBBCE /* ESDUdp.cpp */ = {isa = PBXFileReference; fileEncoding = 4; lastKnownFileType = sourcecode.cpp.cpp; path = ESDUdp.cpp; sourceTree = "<group>"; };
		D9673A5A1C54850D001BBBCE /* ESDUdp.hpp */ = {isa = PBXFileReference; fileEncoding = 4; lastKnownFileType = sourcecode.cpp.h; path = ESDUdp.hpp; sourceTree = "<group>"; };
		D9673A5C1C5486B4001BBBCE /* ESDDns.cpp */ = {isa = PBXFileReference; fileEncoding = 4; lastKnownFileType = sourcecode.cpp.cpp; path = ESDDns.cpp; sourceTree = "<group>"; };
		D9673A5D1C5486B4001BBBCE /* ESDDns.hpp */ = {isa = PBXFileReference; fileEncoding = 4; lastKnownFileType = sourcecode.cpp.h; path = ESDDns.hpp; sourceTree = "<group>"; };
		D98511461CB3495B0045E896 /* libuv.a */ = {isa = PBXFileReference; lastKnownFileType = archive.ar; path = libuv.a; sourceTree = "<group>"; };
		D9F89C421CAE045C003A3465 /* ESDPrefixHeader.pch */ = {isa = PBXFileReference; fileEncoding = 4; lastKnownFileType = sourcecode.c.h; path = ESDPrefixHeader.pch; sourceTree = "<group>"; };
		D9F89C4A1CAE1F57003A3465 /* ThreadPool.cpp */ = {isa = PBXFileReference; fileEncoding = 4; lastKnownFileType = sourcecode.cpp.cpp; path = ThreadPool.cpp; sourceTree = "<group>"; };
		D9F89C4B1CAE1F57003A3465 /* ThreadPool.hpp */ = {isa = PBXFileReference; fileEncoding = 4; lastKnownFileType = sourcecode.cpp.h; path = ThreadPool.hpp; sourceTree = "<group>"; };
/* End PBXFileReference section */

/* Begin PBXFrameworksBuildPhase section */
		D917A0FD1C5DFB3800010EB2 /* Frameworks */ = {
			isa = PBXFrameworksBuildPhase;
			buildActionMask = 2147483647;
			files = (
				D98511481CB3495B0045E896 /* libuv.a in Frameworks */,
			);
			runOnlyForDeploymentPostprocessing = 0;
		};
		D96739DA1C5370CD001BBBCE /* Frameworks */ = {
			isa = PBXFrameworksBuildPhase;
			buildActionMask = 2147483647;
			files = (
				D98511471CB3495B0045E896 /* libuv.a in Frameworks */,
			);
			runOnlyForDeploymentPostprocessing = 0;
		};
/* End PBXFrameworksBuildPhase section */

/* Begin PBXGroup section */
		D917A1011C5DFB3800010EB2 /* main */ = {
			isa = PBXGroup;
			children = (
				D917A1021C5DFB3800010EB2 /* main.cpp */,
			);
			name = main;
			path = test_main;
			sourceTree = "<group>";
		};
		D919099C1CB215F3008B2259 /* bencode */ = {
			isa = PBXGroup;
			children = (
				D919099D1CB215F3008B2259 /* cpp */,
				D91909A81CB215F3008B2259 /* hpp */,
			);
			path = bencode;
			sourceTree = "<group>";
		};
		D919099D1CB215F3008B2259 /* cpp */ = {
			isa = PBXGroup;
			children = (
				D919099E1CB215F3008B2259 /* BDictionary.cpp */,
				D919099F1CB215F3008B2259 /* BInteger.cpp */,
				D91909A01CB215F3008B2259 /* BItem.cpp */,
				D91909A11CB215F3008B2259 /* BItemVisitor.cpp */,
				D91909A21CB215F3008B2259 /* BList.cpp */,
				D91909A31CB215F3008B2259 /* BString.cpp */,
				D91909A41CB215F3008B2259 /* Decoder.cpp */,
				D91909A51CB215F3008B2259 /* Encoder.cpp */,
				D91909A61CB215F3008B2259 /* PrettyPrinter.cpp */,
				D91909A71CB215F3008B2259 /* Utils.cpp */,
			);
			path = cpp;
			sourceTree = "<group>";
		};
		D91909A81CB215F3008B2259 /* hpp */ = {
			isa = PBXGroup;
			children = (
				D91909A91CB215F3008B2259 /* BDictionary.h */,
				D91909AA1CB215F3008B2259 /* bencoding.h */,
				D91909AB1CB215F3008B2259 /* BInteger.h */,
				D91909AC1CB215F3008B2259 /* BItem.h */,
				D91909AD1CB215F3008B2259 /* BItemVisitor.h */,
				D91909AE1CB215F3008B2259 /* BList.h */,
				D91909AF1CB215F3008B2259 /* BString.h */,
				D91909B01CB215F3008B2259 /* Decoder.h */,
				D91909B11CB215F3008B2259 /* Encoder.h */,
				D91909B21CB215F3008B2259 /* PrettyPrinter.h */,
				D91909B31CB215F3008B2259 /* Utils.h */,
			);
			path = hpp;
			sourceTree = "<group>";
		};
		D91909CC1CB2638C008B2259 /* DHTProtocol */ = {
			isa = PBXGroup;
			children = (
				D91909CE1CB263C5008B2259 /* ESDDHTProtocol.hpp */,
				D91909D11CB26499008B2259 /* ESDDht.cpp */,
				D91909D21CB26499008B2259 /* ESDDht.hpp */,
			);
			path = DHTProtocol;
			sourceTree = "<group>";
		};
		D9246A241C5B15A8000ED12A /* libuv */ = {
			isa = PBXGroup;
			children = (
				D98511451CB3495B0045E896 /* lib */,
				D9246A251C5B15A8000ED12A /* include */,
			);
			path = libuv;
			sourceTree = "<group>";
		};
		D9246A251C5B15A8000ED12A /* include */ = {
			isa = PBXGroup;
			children = (
				D9246A261C5B15A8000ED12A /* uv-darwin.h */,
				D9246A271C5B15A8000ED12A /* uv-errno.h */,
				D9246A281C5B15A8000ED12A /* uv-threadpool.h */,
				D9246A291C5B15A8000ED12A /* uv-unix.h */,
				D9246A2A1C5B15A8000ED12A /* uv-version.h */,
				D9246A2B1C5B15A8000ED12A /* uv.h */,
			);
			path = include;
			sourceTree = "<group>";
		};
		D9539B051CAD5836007B42F2 /* threadPool */ = {
			isa = PBXGroup;
			children = (
				D9F89C4A1CAE1F57003A3465 /* ThreadPool.cpp */,
				D9F89C4B1CAE1F57003A3465 /* ThreadPool.hpp */,
			);
			path = threadPool;
			sourceTree = "<group>";
		};
		D96739D41C5370CD001BBBCE = {
			isa = PBXGroup;
			children = (
				D96739DF1C5370CD001BBBCE /* EyeOfSauronDHTMonitor */,
				D917A1011C5DFB3800010EB2 /* main */,
				D96739DE1C5370CD001BBBCE /* Products */,
			);
			sourceTree = "<group>";
		};
		D96739DE1C5370CD001BBBCE /* Products */ = {
			isa = PBXGroup;
			children = (
				D96739DD1C5370CD001BBBCE /* EyeOfSauronDHTMonitor */,
				D917A1001C5DFB3800010EB2 /* test_main */,
			);
			name = Products;
			sourceTree = "<group>";
		};
		D96739DF1C5370CD001BBBCE /* EyeOfSauronDHTMonitor */ = {
			isa = PBXGroup;
			children = (
				D96739EF1C537983001BBBCE /* sample */,
				D96739EE1C53794B001BBBCE /* tests */,
				D96739EA1C537920001BBBCE /* lib */,
				D96739EC1C537920001BBBCE /* src */,
			);
			path = EyeOfSauronDHTMonitor;
			sourceTree = "<group>";
		};
		D96739EA1C537920001BBBCE /* lib */ = {
			isa = PBXGroup;
			children = (
				D919099C1CB215F3008B2259 /* bencode */,
				D9539B051CAD5836007B42F2 /* threadPool */,
				D9246A241C5B15A8000ED12A /* libuv */,
				D9673A2E1C53C3DB001BBBCE /* rapidjson */,
			);
			path = lib;
			sourceTree = "<group>";
		};
		D96739EC1C537920001BBBCE /* src */ = {
			isa = PBXGroup;
			children = (
				D91909CC1CB2638C008B2259 /* DHTProtocol */,
				D9673A281C53901D001BBBCE /* network */,
				D9673A031C537FBD001BBBCE /* base_class */,
				D96739F01C537A5E001BBBCE /* main.cpp */,
				D9F89C421CAE045C003A3465 /* ESDPrefixHeader.pch */,
			);
			path = src;
			sourceTree = "<group>";
		};
		D96739EE1C53794B001BBBCE /* tests */ = {
			isa = PBXGroup;
			children = (
				D917A10A1C5DFB6800010EB2 /* test_main.cpp */,
				D943689A1C57457600BD1DC7 /* testUdp.cpp */,
				D943689B1C57457600BD1DC7 /* testUdp.hpp */,
				D917A1071C5DFB5200010EB2 /* test_dns.cpp */,
				D917A1081C5DFB5200010EB2 /* test_dns.hpp */,
				D91909C81CB2165B008B2259 /* test_bencode.cpp */,
				D91909C91CB2165B008B2259 /* test_bencode.hpp */,
				D91909D51CB2A0CA008B2259 /* test_esdudp.cpp */,
				D91909D61CB2A0CA008B2259 /* test_esdudp.hpp */,
			);
			path = tests;
			sourceTree = "<group>";
		};
		D96739EF1C537983001BBBCE /* sample */ = {
			isa = PBXGroup;
			children = (
			);
			path = sample;
			sourceTree = "<group>";
		};
		D9673A031C537FBD001BBBCE /* base_class */ = {
			isa = PBXGroup;
			children = (
				D9673A541C54842E001BBBCE /* network */,
				D9673A051C537FF1001BBBCE /* ESDObject.hpp */,
				D9673A041C537FF1001BBBCE /* ESDObject.cpp */,
			);
			path = base_class;
			sourceTree = "<group>";
		};
		D9673A281C53901D001BBBCE /* network */ = {
			isa = PBXGroup;
			children = (
				D9673A291C53901D001BBBCE /* udp */,
			);
			path = network;
			sourceTree = "<group>";
		};
		D9673A291C53901D001BBBCE /* udp */ = {
			isa = PBXGroup;
			children = (
				D9673A2A1C539071001BBBCE /* ESDUdpClient.cpp */,
				D9673A2B1C539071001BBBCE /* ESDUdpClient.hpp */,
				D9673A511C548072001BBBCE /* ESDUdpClientUtility.cpp */,
				D9673A521C548072001BBBCE /* ESDUdpClientUtility.hpp */,
			);
			path = udp;
			sourceTree = "<group>";
		};
		D9673A2E1C53C3DB001BBBCE /* rapidjson */ = {
			isa = PBXGroup;
			children = (
				D9673A2F1C53C3DB001BBBCE /* allocators.h */,
				D9673A301C53C3DB001BBBCE /* document.h */,
				D9673A311C53C3DB001BBBCE /* encodedstream.h */,
				D9673A321C53C3DB001BBBCE /* encodings.h */,
				D9673A331C53C3DB001BBBCE /* error */,
				D9673A361C53C3DB001BBBCE /* filereadstream.h */,
				D9673A371C53C3DB001BBBCE /* filewritestream.h */,
				D9673A381C53C3DB001BBBCE /* internal */,
				D9673A441C53C3DB001BBBCE /* memorybuffer.h */,
				D9673A451C53C3DB001BBBCE /* memorystream.h */,
				D9673A461C53C3DB001BBBCE /* msinttypes */,
				D9673A491C53C3DB001BBBCE /* pointer.h */,
				D9673A4A1C53C3DB001BBBCE /* prettywriter.h */,
				D9673A4B1C53C3DB001BBBCE /* rapidjson.h */,
				D9673A4C1C53C3DB001BBBCE /* reader.h */,
				D9673A4D1C53C3DB001BBBCE /* stringbuffer.h */,
				D9673A4E1C53C3DB001BBBCE /* writer.h */,
			);
			path = rapidjson;
			sourceTree = "<group>";
		};
		D9673A331C53C3DB001BBBCE /* error */ = {
			isa = PBXGroup;
			children = (
				D9673A341C53C3DB001BBBCE /* en.h */,
				D9673A351C53C3DB001BBBCE /* error.h */,
			);
			path = error;
			sourceTree = "<group>";
		};
		D9673A381C53C3DB001BBBCE /* internal */ = {
			isa = PBXGroup;
			children = (
				D9673A391C53C3DB001BBBCE /* biginteger.h */,
				D9673A3A1C53C3DB001BBBCE /* diyfp.h */,
				D9673A3B1C53C3DB001BBBCE /* dtoa.h */,
				D9673A3C1C53C3DB001BBBCE /* ieee754.h */,
				D9673A3D1C53C3DB001BBBCE /* itoa.h */,
				D9673A3E1C53C3DB001BBBCE /* meta.h */,
				D9673A3F1C53C3DB001BBBCE /* pow10.h */,
				D9673A401C53C3DB001BBBCE /* stack.h */,
				D9673A411C53C3DB001BBBCE /* strfunc.h */,
				D9673A421C53C3DB001BBBCE /* strtod.h */,
				D9673A431C53C3DB001BBBCE /* swap.h */,
			);
			path = internal;
			sourceTree = "<group>";
		};
		D9673A461C53C3DB001BBBCE /* msinttypes */ = {
			isa = PBXGroup;
			children = (
				D9673A471C53C3DB001BBBCE /* inttypes.h */,
				D9673A481C53C3DB001BBBCE /* stdint.h */,
			);
			path = msinttypes;
			sourceTree = "<group>";
		};
		D9673A541C54842E001BBBCE /* network */ = {
			isa = PBXGroup;
			children = (
				D9673A551C54842E001BBBCE /* udp */,
			);
			path = network;
			sourceTree = "<group>";
		};
		D9673A551C54842E001BBBCE /* udp */ = {
			isa = PBXGroup;
			children = (
				D9673A571C548456001BBBCE /* ESDAbstractUdp.h */,
				D9673A591C54850D001BBBCE /* ESDUdp.cpp */,
				D9673A5A1C54850D001BBBCE /* ESDUdp.hpp */,
				D9673A5C1C5486B4001BBBCE /* ESDDns.cpp */,
				D9673A5D1C5486B4001BBBCE /* ESDDns.hpp */,
			);
			path = udp;
			sourceTree = "<group>";
		};
		D98511451CB3495B0045E896 /* lib */ = {
			isa = PBXGroup;
			children = (
				D98511461CB3495B0045E896 /* libuv.a */,
			);
			path = lib;
			sourceTree = "<group>";
		};
/* End PBXGroup section */

/* Begin PBXNativeTarget section */
		D917A0FF1C5DFB3800010EB2 /* test_main */ = {
			isa = PBXNativeTarget;
			buildConfigurationList = D917A1061C5DFB3800010EB2 /* Build configuration list for PBXNativeTarget "test_main" */;
			buildPhases = (
				D917A0FC1C5DFB3800010EB2 /* Sources */,
				D917A0FD1C5DFB3800010EB2 /* Frameworks */,
				D917A0FE1C5DFB3800010EB2 /* CopyFiles */,
			);
			buildRules = (
			);
			dependencies = (
			);
			name = test_main;
			productName = test_main;
			productReference = D917A1001C5DFB3800010EB2 /* test_main */;
			productType = "com.apple.product-type.tool";
		};
		D96739DC1C5370CD001BBBCE /* EyeOfSauronDHTMonitor */ = {
			isa = PBXNativeTarget;
			buildConfigurationList = D96739E41C5370CD001BBBCE /* Build configuration list for PBXNativeTarget "EyeOfSauronDHTMonitor" */;
			buildPhases = (
				D96739D91C5370CD001BBBCE /* Sources */,
				D96739DA1C5370CD001BBBCE /* Frameworks */,
				D96739DB1C5370CD001BBBCE /* CopyFiles */,
			);
			buildRules = (
			);
			dependencies = (
			);
			name = EyeOfSauronDHTMonitor;
			productName = EyeOfSauronDHTMonitor;
			productReference = D96739DD1C5370CD001BBBCE /* EyeOfSauronDHTMonitor */;
			productType = "com.apple.product-type.tool";
		};
/* End PBXNativeTarget section */

/* Begin PBXProject section */
		D96739D51C5370CD001BBBCE /* Project object */ = {
			isa = PBXProject;
			attributes = {
				LastUpgradeCheck = 0720;
				ORGANIZATIONNAME = com.dhtMonitor.www;
				TargetAttributes = {
					D917A0FF1C5DFB3800010EB2 = {
						CreatedOnToolsVersion = 7.2;
					};
					D96739DC1C5370CD001BBBCE = {
						CreatedOnToolsVersion = 7.2;
					};
				};
			};
			buildConfigurationList = D96739D81C5370CD001BBBCE /* Build configuration list for PBXProject "EyeOfSauronDHTMonitor" */;
			compatibilityVersion = "Xcode 3.2";
			developmentRegion = English;
			hasScannedForEncodings = 0;
			knownRegions = (
				en,
			);
			mainGroup = D96739D41C5370CD001BBBCE;
			productRefGroup = D96739DE1C5370CD001BBBCE /* Products */;
			projectDirPath = "";
			projectRoot = "";
			targets = (
				D96739DC1C5370CD001BBBCE /* EyeOfSauronDHTMonitor */,
				D917A0FF1C5DFB3800010EB2 /* test_main */,
			);
		};
/* End PBXProject section */

/* Begin PBXSourcesBuildPhase section */
		D917A0FC1C5DFB3800010EB2 /* Sources */ = {
			isa = PBXSourcesBuildPhase;
			buildActionMask = 2147483647;
			files = (
				D91909CA1CB2165B008B2259 /* test_bencode.cpp in Sources */,
				D91909B51CB215F3008B2259 /* BDictionary.cpp in Sources */,
				D91909BF1CB215F3008B2259 /* BString.cpp in Sources */,
				D91909C11CB215F3008B2259 /* Decoder.cpp in Sources */,
				D91909D81CB2A0CA008B2259 /* test_esdudp.cpp in Sources */,
				D917A10C1C5DFC5C00010EB2 /* testUdp.cpp in Sources */,
				D91909BD1CB215F3008B2259 /* BList.cpp in Sources */,
				D9F89C4D1CAE1F57003A3465 /* ThreadPool.cpp in Sources */,
				D917A1091C5DFB5200010EB2 /* test_dns.cpp in Sources */,
				D917A1121C5DFE3500010EB2 /* ESDUdpClient.cpp in Sources */,
				D91909C71CB215F3008B2259 /* Utils.cpp in Sources */,
				D917A10E1C5DFE2200010EB2 /* ESDObject.cpp in Sources */,
				D91909B71CB215F3008B2259 /* BInteger.cpp in Sources */,
				D91909C31CB215F3008B2259 /* Encoder.cpp in Sources */,
				D917A1131C5DFE3700010EB2 /* ESDUdpClientUtility.cpp in Sources */,
				D917A1111C5DFE3300010EB2 /* ESDUdp.cpp in Sources */,
				D917A1101C5DFE3100010EB2 /* ESDDns.cpp in Sources */,
				D91909C51CB215F3008B2259 /* PrettyPrinter.cpp in Sources */,
				D917A10B1C5DFB6800010EB2 /* test_main.cpp in Sources */,
				D91909BB1CB215F3008B2259 /* BItemVisitor.cpp in Sources */,
				D91909D41CB26499008B2259 /* ESDDht.cpp in Sources */,
				D91909B91CB215F3008B2259 /* BItem.cpp in Sources */,
			);
			runOnlyForDeploymentPostprocessing = 0;
		};
		D96739D91C5370CD001BBBCE /* Sources */ = {
			isa = PBXSourcesBuildPhase;
			buildActionMask = 2147483647;
			files = (
				D91909B41CB215F3008B2259 /* BDictionary.cpp in Sources */,
				D96739F11C537A5E001BBBCE /* main.cpp in Sources */,
				D91909C01CB215F3008B2259 /* Decoder.cpp in Sources */,
				D91909C61CB215F3008B2259 /* Utils.cpp in Sources */,
				D9673A531C548072001BBBCE /* ESDUdpClientUtility.cpp in Sources */,
				D91909B61CB215F3008B2259 /* BInteger.cpp in Sources */,
				D91909BC1CB215F3008B2259 /* BList.cpp in Sources */,
				D91909D31CB26499008B2259 /* ESDDht.cpp in Sources */,
				D9673A5E1C5486B4001BBBCE /* ESDDns.cpp in Sources */,
				D9673A2C1C539071001BBBCE /* ESDUdpClient.cpp in Sources */,
				D9F89C4C1CAE1F57003A3465 /* ThreadPool.cpp in Sources */,
				D91909B81CB215F3008B2259 /* BItem.cpp in Sources */,
				D91909BE1CB215F3008B2259 /* BString.cpp in Sources */,
				D9673A5B1C54850D001BBBCE /* ESDUdp.cpp in Sources */,
				D9673A061C537FF1001BBBCE /* ESDObject.cpp in Sources */,
				D91909D71CB2A0CA008B2259 /* test_esdudp.cpp in Sources */,
				D91909BA1CB215F3008B2259 /* BItemVisitor.cpp in Sources */,
				D91909C41CB215F3008B2259 /* PrettyPrinter.cpp in Sources */,
				D91909C21CB215F3008B2259 /* Encoder.cpp in Sources */,
			);
			runOnlyForDeploymentPostprocessing = 0;
		};
/* End PBXSourcesBuildPhase section */

/* Begin XCBuildConfiguration section */
		D917A1041C5DFB3800010EB2 /* Debug */ = {
			isa = XCBuildConfiguration;
			buildSettings = {
				GCC_PREFIX_HEADER = "$(SRCROOT)/EyeOfSauronDHTMonitor/src/ESDPrefixHeader.pch";
				HEADER_SEARCH_PATHS = "$(SRCROOT)/EyeOfSauronDHTMonitor/lib/libuv/include";
				LIBRARY_SEARCH_PATHS = (
					"$(PROJECT_DIR)/EyeOfSauronDHTMonitor/lib/libuv/lib",
					"$(SRCROOT)/EyeOfSauronDHTMonitor/lib/libuv/lib",
				);
				PRODUCT_NAME = "$(TARGET_NAME)";
			};
			name = Debug;
		};
		D917A1051C5DFB3800010EB2 /* Release */ = {
			isa = XCBuildConfiguration;
			buildSettings = {
				GCC_PREFIX_HEADER = "$(SRCROOT)/EyeOfSauronDHTMonitor/src/ESDPrefixHeader.pch";
				HEADER_SEARCH_PATHS = "$(SRCROOT)/EyeOfSauronDHTMonitor/lib/libuv/include";
				LIBRARY_SEARCH_PATHS = (
					"$(PROJECT_DIR)/EyeOfSauronDHTMonitor/lib/libuv/lib",
					"$(SRCROOT)/EyeOfSauronDHTMonitor/lib/libuv/lib",
				);
				PRODUCT_NAME = "$(TARGET_NAME)";
			};
			name = Release;
		};
		D96739E21C5370CD001BBBCE /* Debug */ = {
			isa = XCBuildConfiguration;
			buildSettings = {
				ALWAYS_SEARCH_USER_PATHS = NO;
				CLANG_CXX_LANGUAGE_STANDARD = "gnu++0x";
				CLANG_CXX_LIBRARY = "libc++";
				CLANG_ENABLE_MODULES = YES;
				CLANG_ENABLE_OBJC_ARC = YES;
				CLANG_WARN_BOOL_CONVERSION = YES;
				CLANG_WARN_CONSTANT_CONVERSION = YES;
				CLANG_WARN_DIRECT_OBJC_ISA_USAGE = YES_ERROR;
				CLANG_WARN_EMPTY_BODY = YES;
				CLANG_WARN_ENUM_CONVERSION = YES;
				CLANG_WARN_INT_CONVERSION = YES;
				CLANG_WARN_OBJC_ROOT_CLASS = YES_ERROR;
				CLANG_WARN_UNREACHABLE_CODE = YES;
				CLANG_WARN__DUPLICATE_METHOD_MATCH = YES;
				CODE_SIGN_IDENTITY = "-";
				COPY_PHASE_STRIP = NO;
				DEBUG_INFORMATION_FORMAT = dwarf;
				ENABLE_STRICT_OBJC_MSGSEND = YES;
				ENABLE_TESTABILITY = YES;
				GCC_C_LANGUAGE_STANDARD = gnu99;
				GCC_DYNAMIC_NO_PIC = NO;
				GCC_NO_COMMON_BLOCKS = YES;
				GCC_OPTIMIZATION_LEVEL = 0;
				GCC_PREPROCESSOR_DEFINITIONS = (
					"DEBUG=1",
					"$(inherited)",
				);
				GCC_WARN_64_TO_32_BIT_CONVERSION = YES;
				GCC_WARN_ABOUT_RETURN_TYPE = YES_ERROR;
				GCC_WARN_UNDECLARED_SELECTOR = YES;
				GCC_WARN_UNINITIALIZED_AUTOS = YES_AGGRESSIVE;
				GCC_WARN_UNUSED_FUNCTION = YES;
				GCC_WARN_UNUSED_VARIABLE = YES;
				MACOSX_DEPLOYMENT_TARGET = 10.11;
				MTL_ENABLE_DEBUG_INFO = YES;
				ONLY_ACTIVE_ARCH = YES;
				SDKROOT = macosx;
			};
			name = Debug;
		};
		D96739E31C5370CD001BBBCE /* Release */ = {
			isa = XCBuildConfiguration;
			buildSettings = {
				ALWAYS_SEARCH_USER_PATHS = NO;
				CLANG_CXX_LANGUAGE_STANDARD = "gnu++0x";
				CLANG_CXX_LIBRARY = "libc++";
				CLANG_ENABLE_MODULES = YES;
				CLANG_ENABLE_OBJC_ARC = YES;
				CLANG_WARN_BOOL_CONVERSION = YES;
				CLANG_WARN_CONSTANT_CONVERSION = YES;
				CLANG_WARN_DIRECT_OBJC_ISA_USAGE = YES_ERROR;
				CLANG_WARN_EMPTY_BODY = YES;
				CLANG_WARN_ENUM_CONVERSION = YES;
				CLANG_WARN_INT_CONVERSION = YES;
				CLANG_WARN_OBJC_ROOT_CLASS = YES_ERROR;
				CLANG_WARN_UNREACHABLE_CODE = YES;
				CLANG_WARN__DUPLICATE_METHOD_MATCH = YES;
				CODE_SIGN_IDENTITY = "-";
				COPY_PHASE_STRIP = NO;
				DEBUG_INFORMATION_FORMAT = "dwarf-with-dsym";
				ENABLE_NS_ASSERTIONS = NO;
				ENABLE_STRICT_OBJC_MSGSEND = YES;
				GCC_C_LANGUAGE_STANDARD = gnu99;
				GCC_NO_COMMON_BLOCKS = YES;
				GCC_WARN_64_TO_32_BIT_CONVERSION = YES;
				GCC_WARN_ABOUT_RETURN_TYPE = YES_ERROR;
				GCC_WARN_UNDECLARED_SELECTOR = YES;
				GCC_WARN_UNINITIALIZED_AUTOS = YES_AGGRESSIVE;
				GCC_WARN_UNUSED_FUNCTION = YES;
				GCC_WARN_UNUSED_VARIABLE = YES;
				MACOSX_DEPLOYMENT_TARGET = 10.11;
				MTL_ENABLE_DEBUG_INFO = NO;
				SDKROOT = macosx;
			};
			name = Release;
		};
		D96739E51C5370CD001BBBCE /* Debug */ = {
			isa = XCBuildConfiguration;
			buildSettings = {
				GCC_PREFIX_HEADER = "$(SRCROOT)/EyeOfSauronDHTMonitor/src/ESDPrefixHeader.pch";
				HEADER_SEARCH_PATHS = "$(SRCROOT)/EyeOfSauronDHTMonitor/lib/libuv/include";
				LIBRARY_SEARCH_PATHS = (
					"$(SRCROOT)/EyeOfSauronDHTMonitor/lib/libuv/lib",
					"$(PROJECT_DIR)/EyeOfSauronDHTMonitor/lib/libuv/lib",
				);
				PRODUCT_NAME = "$(TARGET_NAME)";
			};
			name = Debug;
		};
		D96739E61C5370CD001BBBCE /* Release */ = {
			isa = XCBuildConfiguration;
			buildSettings = {
				GCC_PREFIX_HEADER = "$(SRCROOT)/EyeOfSauronDHTMonitor/src/ESDPrefixHeader.pch";
				HEADER_SEARCH_PATHS = "$(SRCROOT)/EyeOfSauronDHTMonitor/lib/libuv/include";
				LIBRARY_SEARCH_PATHS = (
					"$(SRCROOT)/EyeOfSauronDHTMonitor/lib/libuv/lib",
					"$(PROJECT_DIR)/EyeOfSauronDHTMonitor/lib/libuv/lib",
				);
				PRODUCT_NAME = "$(TARGET_NAME)";
			};
			name = Release;
		};
/* End XCBuildConfiguration section */

/* Begin XCConfigurationList section */
		D917A1061C5DFB3800010EB2 /* Build configuration list for PBXNativeTarget "test_main" */ = {
			isa = XCConfigurationList;
			buildConfigurations = (
				D917A1041C5DFB3800010EB2 /* Debug */,
				D917A1051C5DFB3800010EB2 /* Release */,
			);
			defaultConfigurationIsVisible = 0;
			defaultConfigurationName = Release;
		};
		D96739D81C5370CD001BBBCE /* Build configuration list for PBXProject "EyeOfSauronDHTMonitor" */ = {
			isa = XCConfigurationList;
			buildConfigurations = (
				D96739E21C5370CD001BBBCE /* Debug */,
				D96739E31C5370CD001BBBCE /* Release */,
			);
			defaultConfigurationIsVisible = 0;
			defaultConfigurationName = Release;
		};
		D96739E41C5370CD001BBBCE /* Build configuration list for PBXNativeTarget "EyeOfSauronDHTMonitor" */ = {
			isa = XCConfigurationList;
			buildConfigurations = (
				D96739E51C5370CD001BBBCE /* Debug */,
				D96739E61C5370CD001BBBCE /* Release */,
			);
			defaultConfigurationIsVisible = 0;
			defaultConfigurationName = Release;
		};
/* End XCConfigurationList section */
	};
	rootObject = D96739D51C5370CD001BBBCE /* Project object */;
}
